
Microsoft Visual Studio Solution File, Format Version 12.00
# Visual Studio 15
VisualStudioVersion = 15.0.28010.2003
MinimumVisualStudioVersion = 10.0.40219.1
Project("{8BC9CEB8-8B4A-11D0-8D11-00A0C91BC942}") = "OpenGL_Tutorial4", "OpenGL_Tutorial4\OpenGL_Tutorial4.vcxproj", "{8A8A5C16-1DE3-4769-BB78-2C2D1FD56F54}"
EndProject
Global
	GlobalSection(SolutionConfigurationPlatforms) = preSolution
		Debug|x64 = Debug|x64
		Debug|x86 = Debug|x86
		Release|x64 = Release|x64
		Release|x86 = Release|x86
	EndGlobalSection
	GlobalSection(ProjectConfigurationPlatforms) = postSolution
		{8A8A5C16-1DE3-4769-BB78-2C2D1FD56F54}.Debug|x64.ActiveCfg = Debug|x64
		{8A8A5C16-1DE3-4769-BB78-2C2D1FD56F54}.Debug|x64.Build.0 = Debug|x64
		{8A8A5C16-1DE3-4769-BB78-2C2D1FD56F54}.Debug|x86.ActiveCfg = Debug|Win32
		{8A8A5C16-1DE3-4769-BB78-2C2D1FD56F54}.Debug|x86.Build.0 = Debug|Win32
		{8A8A5C16-1DE3-4769-BB78-2C2D1FD56F54}.Release|x64.ActiveCfg = Release|x64
		{8A8A5C16-1DE3-4769-BB78-2C2D1FD56F54}.Release|x64.Build.0 = Release|x64
		{8A8A5C16-1DE3-4769-BB78-2C2D1FD56F54}.Release|x86.ActiveCfg = Release|Win32
		{8A8A5C16-1DE3-4769-BB78-2C2D1FD56F54}.Release|x86.Build.0 = Release|Win32
	EndGlobalSection
	GlobalSection(SolutionProperties) = preSolution
		HideSolutionNode = FALSE
	EndGlobalSection
	GlobalSection(ExtensibilityGlobals) = postSolution
		SolutionGuid = {FF3A4EEE-BB5E-49A4-ADA5-FA1074F9CB1E}
	EndGlobalSection
EndGlobal
